{
  "name": "Real-Estate-Php",
  "lockfileVersion": 3,
  "requires": true,
  "packages": {
    "": {
      "dependencies": {
        "google-libphonenumber": "^3.2.34"
      }
    },
    "node_modules/google-libphonenumber": {
      "version": "3.2.34",
      "resolved": "https://registry.npmjs.org/google-libphonenumber/-/google-libphonenumber-3.2.34.tgz",
      "integrity": "sha512-CLwkp0lZvMywh6dCh0T3Fm8XsfJhLAupc8AECwYkJNQBPW8wQPrv/tV0oFKCs8FMw+pTQyNPZoycgBzYjqtTZQ==",
      "engines": {
        "node": ">=0.10"
      }
    }
  }
}
